{
  "name": "coreai-network",
  "version": "0.1.00",
  "lockfileVersion": 2,
  "requires": true,
  "packages": {
    "": {
      "name": "coreai-network",
      "version": "0.1.00",
      "license": "MIT",
      "dependencies": {
        "retriest": "^0.0.1",
        "zyre.js": "^1.2.2"
      }
    },
    "node_modules/debug": {
      "version": "4.3.2",
      "resolved": "https://registry.npmjs.org/debug/-/debug-4.3.2.tgz",
      "integrity": "sha512-mOp8wKcvj7XxC78zLgw/ZA+6TSgkoE2C/ienthhRD298T7UNwAg9diBpLRxC0mOezLl4B0xV7M0cCO6P/O0Xhw==",
      "dependencies": {
        "ms": "2.1.2"
      },
      "engines": {
        "node": ">=6.0"
      },
      "peerDependenciesMeta": {
        "supports-color": {
          "optional": true
        }
      }
    },
    "node_modules/ms": {
      "version": "2.1.2",
      "resolved": "https://registry.npmjs.org/ms/-/ms-2.1.2.tgz",
      "integrity": "sha512-sGkPx+VjMtmA6MX27oA4FBFELFCZZ4S4XqeGOXCv68tT+jb3vk/RyaKWP0PTKyWtmLSM0b+adUTEvbs1PEaH2w=="
    },
    "node_modules/nan": {
      "version": "2.14.2",
      "resolved": "https://registry.npmjs.org/nan/-/nan-2.14.2.tgz",
      "integrity": "sha512-M2ufzIiINKCuDfBSAUr1vWQ+vuVcA9kqx8JJUsbQi6yf1uGRyb7HfpdfUr5qLXf3B/t8dPvcjhKMmlfnP47EzQ=="
    },
    "node_modules/node-gyp-build": {
      "version": "4.3.0",
      "resolved": "https://registry.npmjs.org/node-gyp-build/-/node-gyp-build-4.3.0.tgz",
      "integrity": "sha512-iWjXZvmboq0ja1pUGULQBexmxq8CV4xBhX7VDOTbL7ZR4FOowwY/VOtRxBN/yKxmdGoIp4j5ysNT4u3S2pDQ3Q==",
      "bin": {
        "node-gyp-build": "bin.js",
        "node-gyp-build-optional": "optional.js",
        "node-gyp-build-test": "build-test.js"
      }
    },
    "node_modules/retriest": {
      "version": "0.0.1",
      "resolved": "https://registry.npmjs.org/retriest/-/retriest-0.0.1.tgz",
      "integrity": "sha512-PidprSg3CgJsiTSvcU3HfpkxD1Xmk3NDi9waW4stkVh7wrUR9FLhDXUaGVyXKrPa1HtZpj2vQ5g85JZ0t4nB5A=="
    },
    "node_modules/zeromq": {
      "version": "5.2.8",
      "resolved": "https://registry.npmjs.org/zeromq/-/zeromq-5.2.8.tgz",
      "integrity": "sha512-bXzsk7KOmgLSv1tC0Ms1VXBy90+Rz27ZYf27cLuldRYbpqYpuWJfxxHFhO710t22zgWBnmdUP0m3SKFpLI0u5g==",
      "hasInstallScript": true,
      "dependencies": {
        "nan": "2.14.2",
        "node-gyp-build": "^4.2.3"
      },
      "engines": {
        "node": ">=6.0"
      }
    },
    "node_modules/zyre.js": {
      "version": "1.2.2",
      "resolved": "https://registry.npmjs.org/zyre.js/-/zyre.js-1.2.2.tgz",
      "integrity": "sha512-LL6No3s2nKxECYWXFiOttDsfuSVssl5XWS2IZIsguqwWJywAJgbKB1frF3ikZlB+3XroTGb9wXVuOBeeAYLmUA==",
      "dependencies": {
        "debug": "^4.1.1",
        "uuid": "^7.0.2",
        "zeromq": "^5.2.0"
      },
      "engines": {
        "node": ">=6.5.0"
      }
    },
    "node_modules/zyre.js/node_modules/uuid": {
      "version": "7.0.3",
      "resolved": "https://registry.npmjs.org/uuid/-/uuid-7.0.3.tgz",
      "integrity": "sha512-DPSke0pXhTZgoF/d+WSt2QaKMCFSfx7QegxEWT+JOuHF5aWrKEn0G+ztjuJg/gG8/ItK+rbPCD/yNv8yyih6Cg==",
      "bin": {
        "uuid": "dist/bin/uuid"
      }
    }
  },
  "dependencies": {
    "debug": {
      "version": "4.3.2",
      "resolved": "https://registry.npmjs.org/debug/-/debug-4.3.2.tgz",
      "integrity": "sha512-mOp8wKcvj7XxC78zLgw/ZA+6TSgkoE2C/ienthhRD298T7UNwAg9diBpLRxC0mOezLl4B0xV7M0cCO6P/O0Xhw==",
      "requires": {
        "ms": "2.1.2"
      }
    },
    "ms": {
      "version": "2.1.2",
      "resolved": "https://registry.npmjs.org/ms/-/ms-2.1.2.tgz",
      "integrity": "sha512-sGkPx+VjMtmA6MX27oA4FBFELFCZZ4S4XqeGOXCv68tT+jb3vk/RyaKWP0PTKyWtmLSM0b+adUTEvbs1PEaH2w=="
    },
    "nan": {
      "version": "2.14.2",
      "resolved": "https://registry.npmjs.org/nan/-/nan-2.14.2.tgz",
      "integrity": "sha512-M2ufzIiINKCuDfBSAUr1vWQ+vuVcA9kqx8JJUsbQi6yf1uGRyb7HfpdfUr5qLXf3B/t8dPvcjhKMmlfnP47EzQ=="
    },
    "node-gyp-build": {
      "version": "4.3.0",
      "resolved": "https://registry.npmjs.org/node-gyp-build/-/node-gyp-build-4.3.0.tgz",
      "integrity": "sha512-iWjXZvmboq0ja1pUGULQBexmxq8CV4xBhX7VDOTbL7ZR4FOowwY/VOtRxBN/yKxmdGoIp4j5ysNT4u3S2pDQ3Q=="
    },
    "retriest": {
      "version": "0.0.1",
      "resolved": "https://registry.npmjs.org/retriest/-/retriest-0.0.1.tgz",
      "integrity": "sha512-PidprSg3CgJsiTSvcU3HfpkxD1Xmk3NDi9waW4stkVh7wrUR9FLhDXUaGVyXKrPa1HtZpj2vQ5g85JZ0t4nB5A=="
    },
    "zeromq": {
      "version": "5.2.8",
      "resolved": "https://registry.npmjs.org/zeromq/-/zeromq-5.2.8.tgz",
      "integrity": "sha512-bXzsk7KOmgLSv1tC0Ms1VXBy90+Rz27ZYf27cLuldRYbpqYpuWJfxxHFhO710t22zgWBnmdUP0m3SKFpLI0u5g==",
      "requires": {
        "nan": "2.14.2",
        "node-gyp-build": "^4.2.3"
      }
    },
    "zyre.js": {
      "version": "1.2.2",
      "resolved": "https://registry.npmjs.org/zyre.js/-/zyre.js-1.2.2.tgz",
      "integrity": "sha512-LL6No3s2nKxECYWXFiOttDsfuSVssl5XWS2IZIsguqwWJywAJgbKB1frF3ikZlB+3XroTGb9wXVuOBeeAYLmUA==",
      "requires": {
        "debug": "^4.1.1",
        "uuid": "^7.0.2",
        "zeromq": "^5.2.0"
      },
      "dependencies": {
        "uuid": {
          "version": "7.0.3",
          "resolved": "https://registry.npmjs.org/uuid/-/uuid-7.0.3.tgz",
          "integrity": "sha512-DPSke0pXhTZgoF/d+WSt2QaKMCFSfx7QegxEWT+JOuHF5aWrKEn0G+ztjuJg/gG8/ItK+rbPCD/yNv8yyih6Cg=="
        }
      }
    }
  }
}
